
Microsoft Visual Studio Solution File, Format Version 12.00
# Visual Studio 15
VisualStudioVersion = 15.0.28010.2016
MinimumVisualStudioVersion = 10.0.40219.1
Project("{FAE04EC0-301F-11D3-BF4B-00C04F79EFBC}") = "notebook", "notebook\notebook.csproj", "{BEF138E5-94F1-46E3-BA48-815CE3F17FBC}"
EndProject
Project("{FAE04EC0-301F-11D3-BF4B-00C04F79EFBC}") = "graphics_editor", "..\..\..\graphics_editor\graphics_editor\graphics_editor.csproj", "{51409FBE-5F77-49D7-B427-0D8B91ABB012}"
EndProject
Project("{FAE04EC0-301F-11D3-BF4B-00C04F79EFBC}") = "WindowsFormsApp4", "C:\Users\25kse\Downloads\PaintAbstr-master\PaintAbstr-master\WindowsFormsApp4\WindowsFormsApp4\WindowsFormsApp4.csproj", "{ACBD3EC5-6CBA-4A05-B754-3687AF613B5D}"
EndProject
Global
	GlobalSection(SolutionConfigurationPlatforms) = preSolution
		Debug|Any CPU = Debug|Any CPU
		Release|Any CPU = Release|Any CPU
	EndGlobalSection
	GlobalSection(ProjectConfigurationPlatforms) = postSolution
		{BEF138E5-94F1-46E3-BA48-815CE3F17FBC}.Debug|Any CPU.ActiveCfg = Debug|Any CPU
		{BEF138E5-94F1-46E3-BA48-815CE3F17FBC}.Debug|Any CPU.Build.0 = Debug|Any CPU
		{BEF138E5-94F1-46E3-BA48-815CE3F17FBC}.Release|Any CPU.ActiveCfg = Release|Any CPU
		{BEF138E5-94F1-46E3-BA48-815CE3F17FBC}.Release|Any CPU.Build.0 = Release|Any CPU
		{51409FBE-5F77-49D7-B427-0D8B91ABB012}.Debug|Any CPU.ActiveCfg = Debug|Any CPU
		{51409FBE-5F77-49D7-B427-0D8B91ABB012}.Debug|Any CPU.Build.0 = Debug|Any CPU
		{51409FBE-5F77-49D7-B427-0D8B91ABB012}.Release|Any CPU.ActiveCfg = Release|Any CPU
		{51409FBE-5F77-49D7-B427-0D8B91ABB012}.Release|Any CPU.Build.0 = Release|Any CPU
		{ACBD3EC5-6CBA-4A05-B754-3687AF613B5D}.Debug|Any CPU.ActiveCfg = Debug|Any CPU
		{ACBD3EC5-6CBA-4A05-B754-3687AF613B5D}.Debug|Any CPU.Build.0 = Debug|Any CPU
		{ACBD3EC5-6CBA-4A05-B754-3687AF613B5D}.Release|Any CPU.ActiveCfg = Release|Any CPU
		{ACBD3EC5-6CBA-4A05-B754-3687AF613B5D}.Release|Any CPU.Build.0 = Release|Any CPU
	EndGlobalSection
	GlobalSection(SolutionProperties) = preSolution
		HideSolutionNode = FALSE
	EndGlobalSection
	GlobalSection(ExtensibilityGlobals) = postSolution
		SolutionGuid = {FD79E7A4-601D-44D6-95A3-8BFB0DDEC6F4}
	EndGlobalSection
EndGlobal
